
Microsoft Visual Studio Solution File, Format Version 12.00
# Visual Studio 2015
Project("{FAE04EC0-301F-11D3-BF4B-00C04F79EFBC}") = "GeneticArt.CSharp", "GeneticArt.CSharp.csproj", "{659D7C21-9983-5318-4E65-C986DA7FA28F}"
EndProject
Global
	GlobalSection(SolutionConfigurationPlatforms) = preSolution
		Debug|Any CPU = Debug|Any CPU
		Release|Any CPU = Release|Any CPU
	EndGlobalSection
	GlobalSection(ProjectConfigurationPlatforms) = postSolution
		{659D7C21-9983-5318-4E65-C986DA7FA28F}.Debug|Any CPU.ActiveCfg = Debug|Any CPU
		{659D7C21-9983-5318-4E65-C986DA7FA28F}.Debug|Any CPU.Build.0 = Debug|Any CPU
		{659D7C21-9983-5318-4E65-C986DA7FA28F}.Release|Any CPU.ActiveCfg = Release|Any CPU
		{659D7C21-9983-5318-4E65-C986DA7FA28F}.Release|Any CPU.Build.0 = Release|Any CPU
	EndGlobalSection
	GlobalSection(SolutionProperties) = preSolution
		HideSolutionNode = FALSE
	EndGlobalSection
EndGlobal
